# This file is automatically @generated by Cargo.
# It is not intended for manual editing.
version = 3

[[package]]
name = "connect4-tui"
version = "0.1.0"
dependencies = [
 "utf8-box-builder",
]

[[package]]
name = "utf8-box-builder"
version = "0.1.0"
source = "git+https://github.com/valyntyler/utf8-box-builder.git#10159752ef1f150361acb16f9d0bd49982ae9d6b"
